{
  "name": "demo",
  "version": "1.0.0",
  "lockfileVersion": 1,
  "requires": true,
  "dependencies": {
    "lottie-miniapp": {
      "version": "1.6.2",
      "resolved": "https://registry.npmjs.org/lottie-miniapp/-/lottie-miniapp-1.6.2.tgz",
      "integrity": "sha512-+txvnXqB5NRYvQa3y1f1ePPPyGBm2FTG7zhJ+PRy9xYPD9+MEU0BRwBj9tUqR1sGmipHHDtgKmJazHYEYmb1Vg=="
    }
  }
}
